Microsoft Visual Studio Solution File, Format Version 12.00
# Visual Studio 2012
Project("{2150E333-8FDC-42A3-9474-1A3956D46DE8}") = "src", "src", "{C86AC41A-FE6C-47AF-895F-8FA40E597F82}"
EndProject
Project("{2150E333-8FDC-42A3-9474-1A3956D46DE8}") = "tests", "tests", "{AEBB41F2-E459-4BB0-96BD-5564C88C6479}"
EndProject
Project("{FAE04EC0-301F-11D3-BF4B-00C04F79EFBC}") = "Corpo", "Corpo.csproj", "{D8C1C4B7-FB54-456F-8B45-AD1A64B1CA7C}"
EndProject
Project("{FAE04EC0-301F-11D3-BF4B-00C04F79EFBC}") = "TeamSports", "..\TeamSports\TeamSports.csproj", "{2764E9D6-40F7-4592-B117-6DA05CB6E47E}"
EndProject
Project("{FAE04EC0-301F-11D3-BF4B-00C04F79EFBC}") = "TeamSports.Adaptors.Godot", "..\TeamSports.Adaptors.Godot\TeamSports.Adaptors.Godot.csproj", "{55960FA3-828E-467D-A5BB-9036E0DF620B}"
EndProject
Global
	GlobalSection(SolutionConfigurationPlatforms) = preSolution
	ExportDebug|Any CPU = ExportDebug|Any CPU
	ExportRelease|Any CPU = ExportRelease|Any CPU
		ExportStaging|Any CPU = ExportStaging|Any CPU
	EndGlobalSection
	GlobalSection(ProjectConfigurationPlatforms) = postSolution
		{D8C1C4B7-FB54-456F-8B45-AD1A64B1CA7C}.ExportDebug|Any CPU.ActiveCfg = ExportDebug|Any CPU
		{D8C1C4B7-FB54-456F-8B45-AD1A64B1CA7C}.ExportDebug|Any CPU.Build.0 = ExportDebug|Any CPU
		{D8C1C4B7-FB54-456F-8B45-AD1A64B1CA7C}.ExportRelease|Any CPU.ActiveCfg = ExportRelease|Any CPU
		{D8C1C4B7-FB54-456F-8B45-AD1A64B1CA7C}.ExportRelease|Any CPU.Build.0 = ExportRelease|Any CPU
		{D8C1C4B7-FB54-456F-8B45-AD1A64B1CA7C}.ExportStaging|Any CPU.ActiveCfg = ExportStaging|Any CPU
		{D8C1C4B7-FB54-456F-8B45-AD1A64B1CA7C}.ExportStaging|Any CPU.Build.0 = ExportStaging|Any CPU
		{2764E9D6-40F7-4592-B117-6DA05CB6E47E}.ExportDebug|Any CPU.ActiveCfg = Debug|Any CPU
		{2764E9D6-40F7-4592-B117-6DA05CB6E47E}.ExportDebug|Any CPU.Build.0 = Debug|Any CPU
		{2764E9D6-40F7-4592-B117-6DA05CB6E47E}.ExportRelease|Any CPU.ActiveCfg = Release|Any CPU
		{2764E9D6-40F7-4592-B117-6DA05CB6E47E}.ExportRelease|Any CPU.Build.0 = Release|Any CPU
		{2764E9D6-40F7-4592-B117-6DA05CB6E47E}.ExportStaging|Any CPU.ActiveCfg = Staging|Any CPU
		{2764E9D6-40F7-4592-B117-6DA05CB6E47E}.ExportStaging|Any CPU.Build.0 = Staging|Any CPU
		{55960FA3-828E-467D-A5BB-9036E0DF620B}.ExportDebug|Any CPU.ActiveCfg = Debug|Any CPU
		{55960FA3-828E-467D-A5BB-9036E0DF620B}.ExportDebug|Any CPU.Build.0 = Debug|Any CPU
		{55960FA3-828E-467D-A5BB-9036E0DF620B}.ExportRelease|Any CPU.ActiveCfg = Release|Any CPU
		{55960FA3-828E-467D-A5BB-9036E0DF620B}.ExportRelease|Any CPU.Build.0 = Release|Any CPU
		{55960FA3-828E-467D-A5BB-9036E0DF620B}.ExportStaging|Any CPU.ActiveCfg = Staging|Any CPU
		{55960FA3-828E-467D-A5BB-9036E0DF620B}.ExportStaging|Any CPU.Build.0 = Staging|Any CPU
	EndGlobalSection
	GlobalSection(NestedProjects) = preSolution
		{D8C1C4B7-FB54-456F-8B45-AD1A64B1CA7C} = {C86AC41A-FE6C-47AF-895F-8FA40E597F82}
		{2764E9D6-40F7-4592-B117-6DA05CB6E47E} = {C86AC41A-FE6C-47AF-895F-8FA40E597F82}
		{55960FA3-828E-467D-A5BB-9036E0DF620B} = {C86AC41A-FE6C-47AF-895F-8FA40E597F82}
	EndGlobalSection
EndGlobal
