Microsoft Visual Studio Solution File, Format Version 12.00
# Visual Studio 2012
Project("{2150E333-8FDC-42A3-9474-1A3956D46DE8}") = "src", "src", "{C86AC41A-FE6C-47AF-895F-8FA40E597F82}"
EndProject
Project("{2150E333-8FDC-42A3-9474-1A3956D46DE8}") = "test", "test", "{AEBB41F2-E459-4BB0-96BD-5564C88C6479}"
	ProjectSection(SolutionItems) = preProject
		test\CorpoTest\test\ExampleTest.cs = test\CorpoTest\test\ExampleTest.cs
		test\CorpoTest\test\ExampleTest.cs.uid = test\CorpoTest\test\ExampleTest.cs.uid
		test\CorpoTest\CorpoTest.csproj = test\CorpoTest\CorpoTest.csproj
	EndProjectSection
EndProject
Project("{FAE04EC0-301F-11D3-BF4B-00C04F79EFBC}") = "TeamSports", "src\TeamSports\TeamSports.csproj", "{FCEE288D-5479-44A1-8A4C-A89E360ACB9A}"
EndProject
Project("{FAE04EC0-301F-11D3-BF4B-00C04F79EFBC}") = "Corpo", "Corpo.csproj", "{D8C1C4B7-FB54-456F-8B45-AD1A64B1CA7C}"
EndProject
Global
	GlobalSection(SolutionConfigurationPlatforms) = preSolution
	ExportDebug|Any CPU = ExportDebug|Any CPU
	ExportRelease|Any CPU = ExportRelease|Any CPU
		Development|x64 = Development|x64
		Development|arm64 = Development|arm64
		Development|Any CPU = Development|Any CPU
		Staging|x64 = Staging|x64
		Staging|arm64 = Staging|arm64
		Staging|Any CPU = Staging|Any CPU
		Production|arm64 = Production|arm64
		Production|x64 = Production|x64
		Production|Any CPU = Production|Any CPU
	EndGlobalSection
	GlobalSection(ProjectConfigurationPlatforms) = postSolution
		{FCEE288D-5479-44A1-8A4C-A89E360ACB9A}.ExportDebug|Any CPU.ActiveCfg = Debug|Any CPU
		{FCEE288D-5479-44A1-8A4C-A89E360ACB9A}.ExportDebug|Any CPU.Build.0 = Debug|Any CPU
		{FCEE288D-5479-44A1-8A4C-A89E360ACB9A}.Development|Any CPU.ActiveCfg = Debug|Any CPU
		{FCEE288D-5479-44A1-8A4C-A89E360ACB9A}.Development|Any CPU.Build.0 = Debug|Any CPU
		{FCEE288D-5479-44A1-8A4C-A89E360ACB9A}.Development|arm64.ActiveCfg = Debug|arm64
		{FCEE288D-5479-44A1-8A4C-A89E360ACB9A}.Development|arm64.Build.0 = Debug|arm64
		{FCEE288D-5479-44A1-8A4C-A89E360ACB9A}.Development|x64.ActiveCfg = Debug|x64
		{FCEE288D-5479-44A1-8A4C-A89E360ACB9A}.Development|x64.Build.0 = Debug|x64
		{FCEE288D-5479-44A1-8A4C-A89E360ACB9A}.ExportRelease|Any CPU.ActiveCfg = Release|Any CPU
		{FCEE288D-5479-44A1-8A4C-A89E360ACB9A}.ExportRelease|Any CPU.Build.0 = Release|Any CPU
		{FCEE288D-5479-44A1-8A4C-A89E360ACB9A}.Production|Any CPU.ActiveCfg = Release|Any CPU
		{FCEE288D-5479-44A1-8A4C-A89E360ACB9A}.Production|Any CPU.Build.0 = Release|Any CPU
		{FCEE288D-5479-44A1-8A4C-A89E360ACB9A}.Production|arm64.ActiveCfg = Release|arm64
		{FCEE288D-5479-44A1-8A4C-A89E360ACB9A}.Production|arm64.Build.0 = Release|arm64
		{FCEE288D-5479-44A1-8A4C-A89E360ACB9A}.Production|x64.ActiveCfg = Release|x64
		{FCEE288D-5479-44A1-8A4C-A89E360ACB9A}.Production|x64.Build.0 = Release|x64
		{FCEE288D-5479-44A1-8A4C-A89E360ACB9A}.Staging|Any CPU.ActiveCfg = Release|Any CPU
		{FCEE288D-5479-44A1-8A4C-A89E360ACB9A}.Staging|Any CPU.Build.0 = Release|Any CPU
		{FCEE288D-5479-44A1-8A4C-A89E360ACB9A}.Staging|arm64.ActiveCfg = Release|arm64
		{FCEE288D-5479-44A1-8A4C-A89E360ACB9A}.Staging|arm64.Build.0 = Release|arm64
		{FCEE288D-5479-44A1-8A4C-A89E360ACB9A}.Staging|x64.ActiveCfg = Release|x64
		{FCEE288D-5479-44A1-8A4C-A89E360ACB9A}.Staging|x64.Build.0 = Release|x64
		{D8C1C4B7-FB54-456F-8B45-AD1A64B1CA7C}.Development|x64.ActiveCfg = Development|x64
		{D8C1C4B7-FB54-456F-8B45-AD1A64B1CA7C}.Development|x64.Build.0 = Development|x64
		{D8C1C4B7-FB54-456F-8B45-AD1A64B1CA7C}.Development|arm64.ActiveCfg = Development|arm64
		{D8C1C4B7-FB54-456F-8B45-AD1A64B1CA7C}.Development|arm64.Build.0 = Development|arm64
		{D8C1C4B7-FB54-456F-8B45-AD1A64B1CA7C}.Staging|x64.ActiveCfg = Staging|x64
		{D8C1C4B7-FB54-456F-8B45-AD1A64B1CA7C}.Staging|x64.Build.0 = Staging|x64
		{D8C1C4B7-FB54-456F-8B45-AD1A64B1CA7C}.Staging|arm64.ActiveCfg = Staging|arm64
		{D8C1C4B7-FB54-456F-8B45-AD1A64B1CA7C}.Staging|arm64.Build.0 = Staging|arm64
		{D8C1C4B7-FB54-456F-8B45-AD1A64B1CA7C}.Production|arm64.ActiveCfg = Production|arm64
		{D8C1C4B7-FB54-456F-8B45-AD1A64B1CA7C}.Production|arm64.Build.0 = Production|arm64
		{D8C1C4B7-FB54-456F-8B45-AD1A64B1CA7C}.Production|x64.ActiveCfg = Production|x64
		{D8C1C4B7-FB54-456F-8B45-AD1A64B1CA7C}.Production|x64.Build.0 = Production|x64
		{D8C1C4B7-FB54-456F-8B45-AD1A64B1CA7C}.Production|Any CPU.ActiveCfg = Production|Any CPU
		{D8C1C4B7-FB54-456F-8B45-AD1A64B1CA7C}.Production|Any CPU.Build.0 = Production|Any CPU
		{D8C1C4B7-FB54-456F-8B45-AD1A64B1CA7C}.Staging|Any CPU.ActiveCfg = Staging|Any CPU
		{D8C1C4B7-FB54-456F-8B45-AD1A64B1CA7C}.Staging|Any CPU.Build.0 = Staging|Any CPU
		{D8C1C4B7-FB54-456F-8B45-AD1A64B1CA7C}.Development|Any CPU.ActiveCfg = Development|Any CPU
		{D8C1C4B7-FB54-456F-8B45-AD1A64B1CA7C}.Development|Any CPU.Build.0 = Development|Any CPU
		{D8C1C4B7-FB54-456F-8B45-AD1A64B1CA7C}.ExportRelease|Any CPU.ActiveCfg = ExportRelease|Any CPU
		{D8C1C4B7-FB54-456F-8B45-AD1A64B1CA7C}.ExportDebug|Any CPU.ActiveCfg = ExportDebug|Any CPU
		{D8C1C4B7-FB54-456F-8B45-AD1A64B1CA7C}.ExportDebug|Any CPU.Build.0 = ExportDebug|Any CPU
	EndGlobalSection
	GlobalSection(NestedProjects) = preSolution
		{FCEE288D-5479-44A1-8A4C-A89E360ACB9A} = {C86AC41A-FE6C-47AF-895F-8FA40E597F82}
		{D8C1C4B7-FB54-456F-8B45-AD1A64B1CA7C} = {C86AC41A-FE6C-47AF-895F-8FA40E597F82}
	EndGlobalSection
EndGlobal
