Microsoft Visual Studio Solution File, Format Version 12.00
# Visual Studio 2012
Project("{FAE04EC0-301F-11D3-BF4B-00C04F79EFBC}") = "Corpo", "Corpo\Corpo.csproj", "{D119B7DE-6800-4B17-8BE5-33A36FB8DBBA}"
EndProject
Global
	GlobalSection(SolutionConfigurationPlatforms) = preSolution
	Debug|Any CPU = Debug|Any CPU
	ExportDebug|Any CPU = ExportDebug|Any CPU
	ExportRelease|Any CPU = ExportRelease|Any CPU
	EndGlobalSection
	GlobalSection(ProjectConfigurationPlatforms) = postSolution
		{D119B7DE-6800-4B17-8BE5-33A36FB8DBBA}.Debug|Any CPU.ActiveCfg = Debug|Any CPU
		{D119B7DE-6800-4B17-8BE5-33A36FB8DBBA}.Debug|Any CPU.Build.0 = Debug|Any CPU
		{D119B7DE-6800-4B17-8BE5-33A36FB8DBBA}.ExportDebug|Any CPU.ActiveCfg = ExportDebug|Any CPU
		{D119B7DE-6800-4B17-8BE5-33A36FB8DBBA}.ExportDebug|Any CPU.Build.0 = ExportDebug|Any CPU
		{D119B7DE-6800-4B17-8BE5-33A36FB8DBBA}.ExportRelease|Any CPU.ActiveCfg = ExportRelease|Any CPU
		{D119B7DE-6800-4B17-8BE5-33A36FB8DBBA}.ExportRelease|Any CPU.Build.0 = ExportRelease|Any CPU
	EndGlobalSection
EndGlobal
